{
  "lockfileVersion": 1,
  "configVersion": 1,
  "workspaces": {
    "": {
      "name": "constellation",
      "dependencies": {
        "@anthropic-ai/sdk": "^0.39.0",
        "@atcute/jetstream": "^1.1.2",
        "@atproto/api": "^0.19.0",
        "@iarna/toml": "^2.2.5",
        "openai": "^4.80.0",
        "pg": "^8.13.0",
        "pgvector": "^0.2.0",
        "zod": "^3.24.0",
      },
      "devDependencies": {
        "@types/bun": "^1.3.0",
        "@types/pg": "^8.11.0",
        "typescript": "^5.7.0",
      },
    },
  },
  "packages": {
    "@anthropic-ai/sdk": ["@anthropic-ai/sdk@0.39.0", "", { "dependencies": { "@types/node": "^18.11.18", "@types/node-fetch": "^2.6.4", "abort-controller": "^3.0.0", "agentkeepalive": "^4.2.1", "form-data-encoder": "1.7.2", "formdata-node": "^4.3.2", "node-fetch": "^2.6.7" } }, "sha512-eMyDIPRZbt1CCLErRCi3exlAvNkBtRe+kW5vvJyef93PmNr/clstYgHhtvmkxN82nlKgzyGPCyGxrm0JQ1ZIdg=="],

    "@atcute/jetstream": ["@atcute/jetstream@1.1.2", "", { "dependencies": { "@atcute/lexicons": "^1.2.2", "@badrap/valita": "^0.4.6", "@mary-ext/event-iterator": "^1.0.0", "@mary-ext/simple-event-emitter": "^1.0.0", "partysocket": "^1.1.5", "type-fest": "^4.41.0", "yocto-queue": "^1.2.1" } }, "sha512-u6p/h2xppp7LE6W/9xErAJ6frfN60s8adZuCKtfAaaBBiiYbb1CfpzN8Uc+2qtJZNorqGvuuDb5572Jmh7yHBQ=="],

    "@atcute/lexicons": ["@atcute/lexicons@1.2.9", "", { "dependencies": { "@atcute/uint8array": "^1.1.1", "@atcute/util-text": "^1.1.1", "@standard-schema/spec": "^1.1.0", "esm-env": "^1.2.2" } }, "sha512-/RRHm2Cw9o8Mcsrq0eo8fjS9okKYLGfuFwrQ0YoP/6sdSDsXshaTLJsvLlcUcaDaSJ1YFOuHIo3zr2Om2F/16g=="],

    "@atcute/uint8array": ["@atcute/uint8array@1.1.1", "", {}, "sha512-3LsC8XB8TKe9q/5hOA5sFuzGaIFdJZJNewC5OKa3o/eU6+K7JR6see9Zy2JbQERNVnRl11EzbNov1efgLMAs4g=="],

    "@atcute/util-text": ["@atcute/util-text@1.1.1", "", { "dependencies": { "unicode-segmenter": "^0.14.5" } }, "sha512-JH0SxzUQJAmbOBTYyhxQbkkI6M33YpjlVLEcbP5GYt43xgFArzV0FJVmEpvIj0kjsmphHB45b6IitdvxPdec9w=="],

    "@atproto/api": ["@atproto/api@0.19.0", "", { "dependencies": { "@atproto/common-web": "^0.4.17", "@atproto/lexicon": "^0.6.1", "@atproto/syntax": "^0.4.3", "@atproto/xrpc": "^0.7.7", "await-lock": "^2.2.2", "multiformats": "^9.9.0", "tlds": "^1.234.0", "zod": "^3.23.8" } }, "sha512-7u/EGgkIj4bbslGer2RMQPtMWCPvREcpH0mVagaf5om+NcPzUIZeIacWKANVv95BdMJ7jlcHS7xrkEMPmg2dFw=="],

    "@atproto/common-web": ["@atproto/common-web@0.4.17", "", { "dependencies": { "@atproto/lex-data": "^0.0.12", "@atproto/lex-json": "^0.0.12", "@atproto/syntax": "^0.4.3", "zod": "^3.23.8" } }, "sha512-sfxD8NGxyoxhxmM9EUshEFbWcJ3+JHEOZF4Quk6HsCh1UxpHBmLabT/vEsAkDWl+C/8U0ine0+c/gHyE/OZiQQ=="],

    "@atproto/lex-data": ["@atproto/lex-data@0.0.12", "", { "dependencies": { "multiformats": "^9.9.0", "tslib": "^2.8.1", "uint8arrays": "3.0.0", "unicode-segmenter": "^0.14.0" } }, "sha512-aekJudcK1p6sbTqUv2bJMJBAGZaOJS0mgDclpK3U6VuBREK/au4B6ffunBFWgrDfg0Vwj2JGyEA7E51WZkJcRw=="],

    "@atproto/lex-json": ["@atproto/lex-json@0.0.12", "", { "dependencies": { "@atproto/lex-data": "^0.0.12", "tslib": "^2.8.1" } }, "sha512-XlEpnWWZdDJ5BIgG25GyH+6iBfyrFL18BI5JSE6rUfMObbFMrQRaCuRLQfryRXNysVz3L3U+Qb9y8KcXbE8AcA=="],

    "@atproto/lexicon": ["@atproto/lexicon@0.6.1", "", { "dependencies": { "@atproto/common-web": "^0.4.13", "@atproto/syntax": "^0.4.3", "iso-datestring-validator": "^2.2.2", "multiformats": "^9.9.0", "zod": "^3.23.8" } }, "sha512-/vI1kVlY50Si+5MXpvOucelnYwb0UJ6Qto5mCp+7Q5C+Jtp+SoSykAPVvjVtTnQUH2vrKOFOwpb3C375vSKzXw=="],

    "@atproto/syntax": ["@atproto/syntax@0.4.3", "", { "dependencies": { "tslib": "^2.8.1" } }, "sha512-YoZUz40YAJr5nPwvCDWgodEOlt5IftZqPJvA0JDWjuZKD8yXddTwSzXSaKQAzGOpuM+/A3uXRtPzJJqlScc+iA=="],

    "@atproto/xrpc": ["@atproto/xrpc@0.7.7", "", { "dependencies": { "@atproto/lexicon": "^0.6.0", "zod": "^3.23.8" } }, "sha512-K1ZyO/BU8JNtXX5dmPp7b5UrkLMMqpsIa/Lrj5D3Su+j1Xwq1m6QJ2XJ1AgjEjkI1v4Muzm7klianLE6XGxtmA=="],

    "@badrap/valita": ["@badrap/valita@0.4.6", "", {}, "sha512-4kdqcjyxo/8RQ8ayjms47HCWZIF5981oE5nIenbfThKDxWXtEHKipAOWlflpPJzZx9y/JWYQkp18Awr7VuepFg=="],

    "@iarna/toml": ["@iarna/toml@2.2.5", "", {}, "sha512-trnsAYxU3xnS1gPHPyU961coFyLkh4gAD/0zQ5mymY4yOZ+CYvsPqUbOFSw0aDM4y0tV7tiFxL/1XfXPNC6IPg=="],

    "@mary-ext/event-iterator": ["@mary-ext/event-iterator@1.0.0", "", { "dependencies": { "yocto-queue": "^1.2.1" } }, "sha512-l6gCPsWJ8aRCe/s7/oCmero70kDHgIK5m4uJvYgwEYTqVxoBOIXbKr5tnkLqUHEg6mNduB4IWvms3h70Hp9ADQ=="],

    "@mary-ext/simple-event-emitter": ["@mary-ext/simple-event-emitter@1.0.1", "", {}, "sha512-9+VvZisxZ/gSg+JJH7hmXaA8Qj42Qjz3O58RSB+INYc8iLA0icATZxHB9vKbj59ojDGZjO3hCKzMXocx3L0H8w=="],

    "@standard-schema/spec": ["@standard-schema/spec@1.1.0", "", {}, "sha512-l2aFy5jALhniG5HgqrD6jXLi/rUWrKvqN/qJx6yoJsgKhblVd+iqqU4RCXavm/jPityDo5TCvKMnpjKnOriy0w=="],

    "@types/bun": ["@types/bun@1.3.9", "", { "dependencies": { "bun-types": "1.3.9" } }, "sha512-KQ571yULOdWJiMH+RIWIOZ7B2RXQGpL1YQrBtLIV3FqDcCu6FsbFUBwhdKUlCKUpS3PJDsHlJ1QKlpxoVR+xtw=="],

    "@types/node": ["@types/node@18.19.130", "", { "dependencies": { "undici-types": "~5.26.4" } }, "sha512-GRaXQx6jGfL8sKfaIDD6OupbIHBr9jv7Jnaml9tB7l4v068PAOXqfcujMMo5PhbIs6ggR1XODELqahT2R8v0fg=="],

    "@types/node-fetch": ["@types/node-fetch@2.6.13", "", { "dependencies": { "@types/node": "*", "form-data": "^4.0.4" } }, "sha512-QGpRVpzSaUs30JBSGPjOg4Uveu384erbHBoT1zeONvyCfwQxIkUshLAOqN/k9EjGviPRmWTTe6aH2qySWKTVSw=="],

    "@types/pg": ["@types/pg@8.16.0", "", { "dependencies": { "@types/node": "*", "pg-protocol": "*", "pg-types": "^2.2.0" } }, "sha512-RmhMd/wD+CF8Dfo+cVIy3RR5cl8CyfXQ0tGgW6XBL8L4LM/UTEbNXYRbLwU6w+CgrKBNbrQWt4FUtTfaU5jSYQ=="],

    "abort-controller": ["abort-controller@3.0.0", "", { "dependencies": { "event-target-shim": "^5.0.0" } }, "sha512-h8lQ8tacZYnR3vNQTgibj+tODHI5/+l06Au2Pcriv/Gmet0eaj4TwWH41sO9wnHDiQsEj19q0drzdWdeAHtweg=="],

    "agentkeepalive": ["agentkeepalive@4.6.0", "", { "dependencies": { "humanize-ms": "^1.2.1" } }, "sha512-kja8j7PjmncONqaTsB8fQ+wE2mSU2DJ9D4XKoJ5PFWIdRMa6SLSN1ff4mOr4jCbfRSsxR4keIiySJU0N9T5hIQ=="],

    "asynckit": ["asynckit@0.4.0", "", {}, "sha512-Oei9OH4tRh0YqU3GxhX79dM/mwVgvbZJaSNaRk+bshkj0S5cfHcgYakreBjrHwatXKbz+IoIdYLxrKim2MjW0Q=="],

    "await-lock": ["await-lock@2.2.2", "", {}, "sha512-aDczADvlvTGajTDjcjpJMqRkOF6Qdz3YbPZm/PyW6tKPkx2hlYBzxMhEywM/tU72HrVZjgl5VCdRuMlA7pZ8Gw=="],

    "bun-types": ["bun-types@1.3.9", "", { "dependencies": { "@types/node": "*" } }, "sha512-+UBWWOakIP4Tswh0Bt0QD0alpTY8cb5hvgiYeWCMet9YukHbzuruIEeXC2D7nMJPB12kbh8C7XJykSexEqGKJg=="],

    "call-bind-apply-helpers": ["call-bind-apply-helpers@1.0.2", "", { "dependencies": { "es-errors": "^1.3.0", "function-bind": "^1.1.2" } }, "sha512-Sp1ablJ0ivDkSzjcaJdxEunN5/XvksFJ2sMBFfq6x0ryhQV/2b/KwFe21cMpmHtPOSij8K99/wSfoEuTObmuMQ=="],

    "combined-stream": ["combined-stream@1.0.8", "", { "dependencies": { "delayed-stream": "~1.0.0" } }, "sha512-FQN4MRfuJeHf7cBbBMJFXhKSDq+2kAArBlmRBvcvFE5BB1HZKXtSFASDhdlz9zOYwxh8lDdnvmMOe/+5cdoEdg=="],

    "delayed-stream": ["delayed-stream@1.0.0", "", {}, "sha512-ZySD7Nf91aLB0RxL4KGrKHBXl7Eds1DAmEdcoVawXnLD7SDhpNgtuII2aAkg7a7QS41jxPSZ17p4VdGnMHk3MQ=="],

    "dunder-proto": ["dunder-proto@1.0.1", "", { "dependencies": { "call-bind-apply-helpers": "^1.0.1", "es-errors": "^1.3.0", "gopd": "^1.2.0" } }, "sha512-KIN/nDJBQRcXw0MLVhZE9iQHmG68qAVIBg9CqmUYjmQIhgij9U5MFvrqkUL5FbtyyzZuOeOt0zdeRe4UY7ct+A=="],

    "es-define-property": ["es-define-property@1.0.1", "", {}, "sha512-e3nRfgfUZ4rNGL232gUgX06QNyyez04KdjFrF+LTRoOXmrOgFKDg4BCdsjW8EnT69eqdYGmRpJwiPVYNrCaW3g=="],

    "es-errors": ["es-errors@1.3.0", "", {}, "sha512-Zf5H2Kxt2xjTvbJvP2ZWLEICxA6j+hAmMzIlypy4xcBg1vKVnx89Wy0GbS+kf5cwCVFFzdCFh2XSCFNULS6csw=="],

    "es-object-atoms": ["es-object-atoms@1.1.1", "", { "dependencies": { "es-errors": "^1.3.0" } }, "sha512-FGgH2h8zKNim9ljj7dankFPcICIK9Cp5bm+c2gQSYePhpaG5+esrLODihIorn+Pe6FGJzWhXQotPv73jTaldXA=="],

    "es-set-tostringtag": ["es-set-tostringtag@2.1.0", "", { "dependencies": { "es-errors": "^1.3.0", "get-intrinsic": "^1.2.6", "has-tostringtag": "^1.0.2", "hasown": "^2.0.2" } }, "sha512-j6vWzfrGVfyXxge+O0x5sh6cvxAog0a/4Rdd2K36zCMV5eJ+/+tOAngRO8cODMNWbVRdVlmGZQL2YS3yR8bIUA=="],

    "esm-env": ["esm-env@1.2.2", "", {}, "sha512-Epxrv+Nr/CaL4ZcFGPJIYLWFom+YeV1DqMLHJoEd9SYRxNbaFruBwfEX/kkHUJf55j2+TUbmDcmuilbP1TmXHA=="],

    "event-target-polyfill": ["event-target-polyfill@0.0.4", "", {}, "sha512-Gs6RLjzlLRdT8X9ZipJdIZI/Y6/HhRLyq9RdDlCsnpxr/+Nn6bU2EFGuC94GjxqhM+Nmij2Vcq98yoHrU8uNFQ=="],

    "event-target-shim": ["event-target-shim@5.0.1", "", {}, "sha512-i/2XbnSz/uxRCU6+NdVJgKWDTM427+MqYbkQzD321DuCQJUqOuJKIA0IM2+W2xtYHdKOmZ4dR6fExsd4SXL+WQ=="],

    "form-data": ["form-data@4.0.5", "", { "dependencies": { "asynckit": "^0.4.0", "combined-stream": "^1.0.8", "es-set-tostringtag": "^2.1.0", "hasown": "^2.0.2", "mime-types": "^2.1.12" } }, "sha512-8RipRLol37bNs2bhoV67fiTEvdTrbMUYcFTiy3+wuuOnUog2QBHCZWXDRijWQfAkhBj2Uf5UnVaiWwA5vdd82w=="],

    "form-data-encoder": ["form-data-encoder@1.7.2", "", {}, "sha512-qfqtYan3rxrnCk1VYaA4H+Ms9xdpPqvLZa6xmMgFvhO32x7/3J/ExcTd6qpxM0vH2GdMI+poehyBZvqfMTto8A=="],

    "formdata-node": ["formdata-node@4.4.1", "", { "dependencies": { "node-domexception": "1.0.0", "web-streams-polyfill": "4.0.0-beta.3" } }, "sha512-0iirZp3uVDjVGt9p49aTaqjk84TrglENEDuqfdlZQ1roC9CWlPk6Avf8EEnZNcAqPonwkG35x4n3ww/1THYAeQ=="],

    "function-bind": ["function-bind@1.1.2", "", {}, "sha512-7XHNxH7qX9xG5mIwxkhumTox/MIRNcOgDrxWsMt2pAr23WHp6MrRlN7FBSFpCpr+oVO0F744iUgR82nJMfG2SA=="],

    "get-intrinsic": ["get-intrinsic@1.3.0", "", { "dependencies": { "call-bind-apply-helpers": "^1.0.2", "es-define-property": "^1.0.1", "es-errors": "^1.3.0", "es-object-atoms": "^1.1.1", "function-bind": "^1.1.2", "get-proto": "^1.0.1", "gopd": "^1.2.0", "has-symbols": "^1.1.0", "hasown": "^2.0.2", "math-intrinsics": "^1.1.0" } }, "sha512-9fSjSaos/fRIVIp+xSJlE6lfwhES7LNtKaCBIamHsjr2na1BiABJPo0mOjjz8GJDURarmCPGqaiVg5mfjb98CQ=="],

    "get-proto": ["get-proto@1.0.1", "", { "dependencies": { "dunder-proto": "^1.0.1", "es-object-atoms": "^1.0.0" } }, "sha512-sTSfBjoXBp89JvIKIefqw7U2CCebsc74kiY6awiGogKtoSGbgjYE/G/+l9sF3MWFPNc9IcoOC4ODfKHfxFmp0g=="],

    "gopd": ["gopd@1.2.0", "", {}, "sha512-ZUKRh6/kUFoAiTAtTYPZJ3hw9wNxx+BIBOijnlG9PnrJsCcSjs1wyyD6vJpaYtgnzDrKYRSqf3OO6Rfa93xsRg=="],

    "has-symbols": ["has-symbols@1.1.0", "", {}, "sha512-1cDNdwJ2Jaohmb3sg4OmKaMBwuC48sYni5HUw2DvsC8LjGTLK9h+eb1X6RyuOHe4hT0ULCW68iomhjUoKUqlPQ=="],

    "has-tostringtag": ["has-tostringtag@1.0.2", "", { "dependencies": { "has-symbols": "^1.0.3" } }, "sha512-NqADB8VjPFLM2V0VvHUewwwsw0ZWBaIdgo+ieHtK3hasLz4qeCRjYcqfB6AQrBggRKppKF8L52/VqdVsO47Dlw=="],

    "hasown": ["hasown@2.0.2", "", { "dependencies": { "function-bind": "^1.1.2" } }, "sha512-0hJU9SCPvmMzIBdZFqNPXWa6dqh7WdH0cII9y+CyS8rG3nL48Bclra9HmKhVVUHyPWNH5Y7xDwAB7bfgSjkUMQ=="],

    "humanize-ms": ["humanize-ms@1.2.1", "", { "dependencies": { "ms": "^2.0.0" } }, "sha512-Fl70vYtsAFb/C06PTS9dZBo7ihau+Tu/DNCk/OyHhea07S+aeMWpFFkUaXRa8fI+ScZbEI8dfSxwY7gxZ9SAVQ=="],

    "iso-datestring-validator": ["iso-datestring-validator@2.2.2", "", {}, "sha512-yLEMkBbLZTlVQqOnQ4FiMujR6T4DEcCb1xizmvXS+OxuhwcbtynoosRzdMA69zZCShCNAbi+gJ71FxZBBXx1SA=="],

    "math-intrinsics": ["math-intrinsics@1.1.0", "", {}, "sha512-/IXtbwEk5HTPyEwyKX6hGkYXxM9nbj64B+ilVJnC/R6B0pH5G4V3b0pVbL7DBj4tkhBAppbQUlf6F6Xl9LHu1g=="],

    "mime-db": ["mime-db@1.52.0", "", {}, "sha512-sPU4uV7dYlvtWJxwwxHD0PuihVNiE7TyAbQ5SWxDCB9mUYvOgroQOwYQQOKPJ8CIbE+1ETVlOoK1UC2nU3gYvg=="],

    "mime-types": ["mime-types@2.1.35", "", { "dependencies": { "mime-db": "1.52.0" } }, "sha512-ZDY+bPm5zTTF+YpCrAU9nK0UgICYPT0QtT1NZWFv4s++TNkcgVaT0g6+4R2uI4MjQjzysHB1zxuWL50hzaeXiw=="],

    "ms": ["ms@2.1.3", "", {}, "sha512-6FlzubTLZG3J2a/NVCAleEhjzq5oxgHyaCU9yYXvcLsvoVaHJq/s5xXI6/XXP6tz7R9xAOtHnSO/tXtF3WRTlA=="],

    "multiformats": ["multiformats@9.9.0", "", {}, "sha512-HoMUjhH9T8DDBNT+6xzkrd9ga/XiBI4xLr58LJACwK6G3HTOPeMz4nB4KJs33L2BelrIJa7P0VuNaVF3hMYfjg=="],

    "node-domexception": ["node-domexception@1.0.0", "", {}, "sha512-/jKZoMpw0F8GRwl4/eLROPA3cfcXtLApP0QzLmUT/HuPCZWyB7IY9ZrMeKw2O/nFIqPQB3PVM9aYm0F312AXDQ=="],

    "node-fetch": ["node-fetch@2.7.0", "", { "dependencies": { "whatwg-url": "^5.0.0" }, "peerDependencies": { "encoding": "^0.1.0" }, "optionalPeers": ["encoding"] }, "sha512-c4FRfUm/dbcWZ7U+1Wq0AwCyFL+3nt2bEw05wfxSz+DWpWsitgmSgYmy2dQdWyKC1694ELPqMs/YzUSNozLt8A=="],

    "openai": ["openai@4.104.0", "", { "dependencies": { "@types/node": "^18.11.18", "@types/node-fetch": "^2.6.4", "abort-controller": "^3.0.0", "agentkeepalive": "^4.2.1", "form-data-encoder": "1.7.2", "formdata-node": "^4.3.2", "node-fetch": "^2.6.7" }, "peerDependencies": { "ws": "^8.18.0", "zod": "^3.23.8" }, "optionalPeers": ["ws", "zod"], "bin": { "openai": "bin/cli" } }, "sha512-p99EFNsA/yX6UhVO93f5kJsDRLAg+CTA2RBqdHK4RtK8u5IJw32Hyb2dTGKbnnFmnuoBv5r7Z2CURI9sGZpSuA=="],

    "partysocket": ["partysocket@1.1.16", "", { "dependencies": { "event-target-polyfill": "^0.0.4" }, "peerDependencies": { "react": ">=17" }, "optionalPeers": ["react"] }, "sha512-d7xFv+ZC7x0p/DAHWJ5FhxQhimIx+ucyZY+kxL0cKddLBmK9c4p2tEA/L+dOOrWm6EYrRwrBjKQV0uSzOY9x1w=="],

    "pg": ["pg@8.18.0", "", { "dependencies": { "pg-connection-string": "^2.11.0", "pg-pool": "^3.11.0", "pg-protocol": "^1.11.0", "pg-types": "2.2.0", "pgpass": "1.0.5" }, "optionalDependencies": { "pg-cloudflare": "^1.3.0" }, "peerDependencies": { "pg-native": ">=3.0.1" }, "optionalPeers": ["pg-native"] }, "sha512-xqrUDL1b9MbkydY/s+VZ6v+xiMUmOUk7SS9d/1kpyQxoJ6U9AO1oIJyUWVZojbfe5Cc/oluutcgFG4L9RDP1iQ=="],

    "pg-cloudflare": ["pg-cloudflare@1.3.0", "", {}, "sha512-6lswVVSztmHiRtD6I8hw4qP/nDm1EJbKMRhf3HCYaqud7frGysPv7FYJ5noZQdhQtN2xJnimfMtvQq21pdbzyQ=="],

    "pg-connection-string": ["pg-connection-string@2.11.0", "", {}, "sha512-kecgoJwhOpxYU21rZjULrmrBJ698U2RxXofKVzOn5UDj61BPj/qMb7diYUR1nLScCDbrztQFl1TaQZT0t1EtzQ=="],

    "pg-int8": ["pg-int8@1.0.1", "", {}, "sha512-WCtabS6t3c8SkpDBUlb1kjOs7l66xsGdKpIPZsg4wR+B3+u9UAum2odSsF9tnvxg80h4ZxLWMy4pRjOsFIqQpw=="],

    "pg-pool": ["pg-pool@3.11.0", "", { "peerDependencies": { "pg": ">=8.0" } }, "sha512-MJYfvHwtGp870aeusDh+hg9apvOe2zmpZJpyt+BMtzUWlVqbhFmMK6bOBXLBUPd7iRtIF9fZplDc7KrPN3PN7w=="],

    "pg-protocol": ["pg-protocol@1.11.0", "", {}, "sha512-pfsxk2M9M3BuGgDOfuy37VNRRX3jmKgMjcvAcWqNDpZSf4cUmv8HSOl5ViRQFsfARFn0KuUQTgLxVMbNq5NW3g=="],

    "pg-types": ["pg-types@2.2.0", "", { "dependencies": { "pg-int8": "1.0.1", "postgres-array": "~2.0.0", "postgres-bytea": "~1.0.0", "postgres-date": "~1.0.4", "postgres-interval": "^1.1.0" } }, "sha512-qTAAlrEsl8s4OiEQY69wDvcMIdQN6wdz5ojQiOy6YRMuynxenON0O5oCpJI6lshc6scgAY8qvJ2On/p+CXY0GA=="],

    "pgpass": ["pgpass@1.0.5", "", { "dependencies": { "split2": "^4.1.0" } }, "sha512-FdW9r/jQZhSeohs1Z3sI1yxFQNFvMcnmfuj4WBMUTxOrAyLMaTcE1aAMBiTlbMNaXvBCQuVi0R7hd8udDSP7ug=="],

    "pgvector": ["pgvector@0.2.1", "", {}, "sha512-nKaQY9wtuiidwLMdVIce1O3kL0d+FxrigCVzsShnoqzOSaWWWOvuctb/sYwlai5cTwwzRSNa+a/NtN2kVZGNJw=="],

    "postgres-array": ["postgres-array@2.0.0", "", {}, "sha512-VpZrUqU5A69eQyW2c5CA1jtLecCsN2U/bD6VilrFDWq5+5UIEVO7nazS3TEcHf1zuPYO/sqGvUvW62g86RXZuA=="],

    "postgres-bytea": ["postgres-bytea@1.0.1", "", {}, "sha512-5+5HqXnsZPE65IJZSMkZtURARZelel2oXUEO8rH83VS/hxH5vv1uHquPg5wZs8yMAfdv971IU+kcPUczi7NVBQ=="],

    "postgres-date": ["postgres-date@1.0.7", "", {}, "sha512-suDmjLVQg78nMK2UZ454hAG+OAW+HQPZ6n++TNDUX+L0+uUlLywnoxJKDou51Zm+zTCjrCl0Nq6J9C5hP9vK/Q=="],

    "postgres-interval": ["postgres-interval@1.2.0", "", { "dependencies": { "xtend": "^4.0.0" } }, "sha512-9ZhXKM/rw350N1ovuWHbGxnGh/SNJ4cnxHiM0rxE4VN41wsg8P8zWn9hv/buK00RP4WvlOyr/RBDiptyxVbkZQ=="],

    "split2": ["split2@4.2.0", "", {}, "sha512-UcjcJOWknrNkF6PLX83qcHM6KHgVKNkV62Y8a5uYDVv9ydGQVwAHMKqHdJje1VTWpljG0WYpCDhrCdAOYH4TWg=="],

    "tlds": ["tlds@1.261.0", "", { "bin": { "tlds": "bin.js" } }, "sha512-QXqwfEl9ddlGBaRFXIvNKK6OhipSiLXuRuLJX5DErz0o0Q0rYxulWLdFryTkV5PkdZct5iMInwYEGe/eR++1AA=="],

    "tr46": ["tr46@0.0.3", "", {}, "sha512-N3WMsuqV66lT30CrXNbEjx4GEwlow3v6rr4mCcv6prnfwhS01rkgyFdjPNBYd9br7LpXV1+Emh01fHnq2Gdgrw=="],

    "tslib": ["tslib@2.8.1", "", {}, "sha512-oJFu94HQb+KVduSUQL7wnpmqnfmLsOA/nAh6b6EH0wCEoK0/mPeXU6c3wKDV83MkOuHPRHtSXKKU99IBazS/2w=="],

    "type-fest": ["type-fest@4.41.0", "", {}, "sha512-TeTSQ6H5YHvpqVwBRcnLDCBnDOHWYu7IvGbHT6N8AOymcr9PJGjc1GTtiWZTYg0NCgYwvnYWEkVChQAr9bjfwA=="],

    "typescript": ["typescript@5.9.3", "", { "bin": { "tsc": "bin/tsc", "tsserver": "bin/tsserver" } }, "sha512-jl1vZzPDinLr9eUt3J/t7V6FgNEw9QjvBPdysz9KfQDD41fQrC2Y4vKQdiaUpFT4bXlb1RHhLpp8wtm6M5TgSw=="],

    "uint8arrays": ["uint8arrays@3.0.0", "", { "dependencies": { "multiformats": "^9.4.2" } }, "sha512-HRCx0q6O9Bfbp+HHSfQQKD7wU70+lydKVt4EghkdOvlK/NlrF90z+eXV34mUd48rNvVJXwkrMSPpCATkct8fJA=="],

    "undici-types": ["undici-types@5.26.5", "", {}, "sha512-JlCMO+ehdEIKqlFxk6IfVoAUVmgz7cU7zD/h9XZ0qzeosSHmUJVOzSQvvYSYWXkFXC+IfLKSIffhv0sVZup6pA=="],

    "unicode-segmenter": ["unicode-segmenter@0.14.5", "", {}, "sha512-jHGmj2LUuqDcX3hqY12Ql+uhUTn8huuxNZGq7GvtF6bSybzH3aFgedYu/KTzQStEgt1Ra2F3HxadNXsNjb3m3g=="],

    "web-streams-polyfill": ["web-streams-polyfill@4.0.0-beta.3", "", {}, "sha512-QW95TCTaHmsYfHDybGMwO5IJIM93I/6vTRk+daHTWFPhwh+C8Cg7j7XyKrwrj8Ib6vYXe0ocYNrmzY4xAAN6ug=="],

    "webidl-conversions": ["webidl-conversions@3.0.1", "", {}, "sha512-2JAn3z8AR6rjK8Sm8orRC0h/bcl/DqL7tRPdGZ4I1CjdF+EaMLmYxBHyXuKL849eucPFhvBoxMsflfOb8kxaeQ=="],

    "whatwg-url": ["whatwg-url@5.0.0", "", { "dependencies": { "tr46": "~0.0.3", "webidl-conversions": "^3.0.0" } }, "sha512-saE57nupxk6v3HY35+jzBwYa0rKSy0XR8JSxZPwgLr7ys0IBzhGviA1/TUGJLmSVqs8pb9AnvICXEuOHLprYTw=="],

    "xtend": ["xtend@4.0.2", "", {}, "sha512-LKYU1iAXJXUgAXn9URjiu+MWhyUXHsvfp7mcuYm9dSUKK0/CjtrUwFAxD82/mCWbtLsGjFIad0wIsod4zrTAEQ=="],

    "yocto-queue": ["yocto-queue@1.2.2", "", {}, "sha512-4LCcse/U2MHZ63HAJVE+v71o7yOdIe4cZ70Wpf8D/IyjDKYQLV5GD46B+hSTjJsvV5PztjvHoU580EftxjDZFQ=="],

    "zod": ["zod@3.25.76", "", {}, "sha512-gzUt/qt81nXsFGKIFcC3YnfEAx5NkunCfnDlvuBSSFS02bcXu4Lmea0AFIUwbLWxWPx3d9p8S5QoaujKcNQxcQ=="],
  }
}
